
Microsoft Visual Studio Solution File, Format Version 12.00
# Visual Studio Version 17
VisualStudioVersion = 17.7.34018.315
MinimumVisualStudioVersion = 10.0.40219.1
Project("{9A19103F-16F7-4668-BE54-9A1E7A4F7556}") = "App1", "App1\App1.csproj", "{5F913B42-80DD-424B-BBD9-DA450CD04100}"
EndProject
Project("{9A19103F-16F7-4668-BE54-9A1E7A4F7556}") = "App2", "App2\App2.csproj", "{451A9C67-887E-4D4B-BDAC-4F008E860337}"
EndProject
Project("{9A19103F-16F7-4668-BE54-9A1E7A4F7556}") = "COS.SDK", "..\..\COSSDK\COS.SDK.csproj", "{E6175887-F1D5-4E01-8B15-2099D9E45B2B}"
EndProject
Project("{FAE04EC0-301F-11D3-BF4B-00C04F79EFBC}") = "App1.ProtoLibrary", "App1.ProtoLibrary\App1.ProtoLibrary.csproj", "{BE4E28C6-3135-4227-B745-C7B166548B61}"
EndProject
Project("{FAE04EC0-301F-11D3-BF4B-00C04F79EFBC}") = "App2.ProtoLibrary", "App2.ProtoLibrary\App2.ProtoLibrary.csproj", "{7B3287D7-5B72-49C0-A8C5-853571A29A3F}"
EndProject
Global
	GlobalSection(SolutionConfigurationPlatforms) = preSolution
		Debug|Any CPU = Debug|Any CPU
		Debug|ARM64 = Debug|ARM64
		Debug|x64 = Debug|x64
		Debug|x86 = Debug|x86
		Release|Any CPU = Release|Any CPU
		Release|ARM64 = Release|ARM64
		Release|x64 = Release|x64
		Release|x86 = Release|x86
	EndGlobalSection
	GlobalSection(ProjectConfigurationPlatforms) = postSolution
		{5F913B42-80DD-424B-BBD9-DA450CD04100}.Debug|Any CPU.ActiveCfg = Debug|x64
		{5F913B42-80DD-424B-BBD9-DA450CD04100}.Debug|Any CPU.Build.0 = Debug|x64
		{5F913B42-80DD-424B-BBD9-DA450CD04100}.Debug|Any CPU.Deploy.0 = Debug|x64
		{5F913B42-80DD-424B-BBD9-DA450CD04100}.Debug|ARM64.ActiveCfg = Debug|ARM64
		{5F913B42-80DD-424B-BBD9-DA450CD04100}.Debug|ARM64.Build.0 = Debug|ARM64
		{5F913B42-80DD-424B-BBD9-DA450CD04100}.Debug|ARM64.Deploy.0 = Debug|ARM64
		{5F913B42-80DD-424B-BBD9-DA450CD04100}.Debug|x64.ActiveCfg = Debug|x64
		{5F913B42-80DD-424B-BBD9-DA450CD04100}.Debug|x64.Build.0 = Debug|x64
		{5F913B42-80DD-424B-BBD9-DA450CD04100}.Debug|x64.Deploy.0 = Debug|x64
		{5F913B42-80DD-424B-BBD9-DA450CD04100}.Debug|x86.ActiveCfg = Debug|x86
		{5F913B42-80DD-424B-BBD9-DA450CD04100}.Debug|x86.Build.0 = Debug|x86
		{5F913B42-80DD-424B-BBD9-DA450CD04100}.Debug|x86.Deploy.0 = Debug|x86
		{5F913B42-80DD-424B-BBD9-DA450CD04100}.Release|Any CPU.ActiveCfg = Release|x64
		{5F913B42-80DD-424B-BBD9-DA450CD04100}.Release|Any CPU.Build.0 = Release|x64
		{5F913B42-80DD-424B-BBD9-DA450CD04100}.Release|Any CPU.Deploy.0 = Release|x64
		{5F913B42-80DD-424B-BBD9-DA450CD04100}.Release|ARM64.ActiveCfg = Release|ARM64
		{5F913B42-80DD-424B-BBD9-DA450CD04100}.Release|ARM64.Build.0 = Release|ARM64
		{5F913B42-80DD-424B-BBD9-DA450CD04100}.Release|ARM64.Deploy.0 = Release|ARM64
		{5F913B42-80DD-424B-BBD9-DA450CD04100}.Release|x64.ActiveCfg = Release|x64
		{5F913B42-80DD-424B-BBD9-DA450CD04100}.Release|x64.Build.0 = Release|x64
		{5F913B42-80DD-424B-BBD9-DA450CD04100}.Release|x64.Deploy.0 = Release|x64
		{5F913B42-80DD-424B-BBD9-DA450CD04100}.Release|x86.ActiveCfg = Release|x86
		{5F913B42-80DD-424B-BBD9-DA450CD04100}.Release|x86.Build.0 = Release|x86
		{5F913B42-80DD-424B-BBD9-DA450CD04100}.Release|x86.Deploy.0 = Release|x86
		{451A9C67-887E-4D4B-BDAC-4F008E860337}.Debug|Any CPU.ActiveCfg = Debug|x64
		{451A9C67-887E-4D4B-BDAC-4F008E860337}.Debug|Any CPU.Build.0 = Debug|x64
		{451A9C67-887E-4D4B-BDAC-4F008E860337}.Debug|Any CPU.Deploy.0 = Debug|x64
		{451A9C67-887E-4D4B-BDAC-4F008E860337}.Debug|ARM64.ActiveCfg = Debug|ARM64
		{451A9C67-887E-4D4B-BDAC-4F008E860337}.Debug|ARM64.Build.0 = Debug|ARM64
		{451A9C67-887E-4D4B-BDAC-4F008E860337}.Debug|ARM64.Deploy.0 = Debug|ARM64
		{451A9C67-887E-4D4B-BDAC-4F008E860337}.Debug|x64.ActiveCfg = Debug|x64
		{451A9C67-887E-4D4B-BDAC-4F008E860337}.Debug|x64.Build.0 = Debug|x64
		{451A9C67-887E-4D4B-BDAC-4F008E860337}.Debug|x64.Deploy.0 = Debug|x64
		{451A9C67-887E-4D4B-BDAC-4F008E860337}.Debug|x86.ActiveCfg = Debug|x86
		{451A9C67-887E-4D4B-BDAC-4F008E860337}.Debug|x86.Build.0 = Debug|x86
		{451A9C67-887E-4D4B-BDAC-4F008E860337}.Debug|x86.Deploy.0 = Debug|x86
		{451A9C67-887E-4D4B-BDAC-4F008E860337}.Release|Any CPU.ActiveCfg = Release|x64
		{451A9C67-887E-4D4B-BDAC-4F008E860337}.Release|Any CPU.Build.0 = Release|x64
		{451A9C67-887E-4D4B-BDAC-4F008E860337}.Release|Any CPU.Deploy.0 = Release|x64
		{451A9C67-887E-4D4B-BDAC-4F008E860337}.Release|ARM64.ActiveCfg = Release|ARM64
		{451A9C67-887E-4D4B-BDAC-4F008E860337}.Release|ARM64.Build.0 = Release|ARM64
		{451A9C67-887E-4D4B-BDAC-4F008E860337}.Release|ARM64.Deploy.0 = Release|ARM64
		{451A9C67-887E-4D4B-BDAC-4F008E860337}.Release|x64.ActiveCfg = Release|x64
		{451A9C67-887E-4D4B-BDAC-4F008E860337}.Release|x64.Build.0 = Release|x64
		{451A9C67-887E-4D4B-BDAC-4F008E860337}.Release|x64.Deploy.0 = Release|x64
		{451A9C67-887E-4D4B-BDAC-4F008E860337}.Release|x86.ActiveCfg = Release|x86
		{451A9C67-887E-4D4B-BDAC-4F008E860337}.Release|x86.Build.0 = Release|x86
		{451A9C67-887E-4D4B-BDAC-4F008E860337}.Release|x86.Deploy.0 = Release|x86
		{E6175887-F1D5-4E01-8B15-2099D9E45B2B}.Debug|Any CPU.ActiveCfg = Debug|Any CPU
		{E6175887-F1D5-4E01-8B15-2099D9E45B2B}.Debug|Any CPU.Build.0 = Debug|Any CPU
		{E6175887-F1D5-4E01-8B15-2099D9E45B2B}.Debug|ARM64.ActiveCfg = Debug|Any CPU
		{E6175887-F1D5-4E01-8B15-2099D9E45B2B}.Debug|ARM64.Build.0 = Debug|Any CPU
		{E6175887-F1D5-4E01-8B15-2099D9E45B2B}.Debug|x64.ActiveCfg = Debug|Any CPU
		{E6175887-F1D5-4E01-8B15-2099D9E45B2B}.Debug|x64.Build.0 = Debug|Any CPU
		{E6175887-F1D5-4E01-8B15-2099D9E45B2B}.Debug|x86.ActiveCfg = Debug|Any CPU
		{E6175887-F1D5-4E01-8B15-2099D9E45B2B}.Debug|x86.Build.0 = Debug|Any CPU
		{E6175887-F1D5-4E01-8B15-2099D9E45B2B}.Release|Any CPU.ActiveCfg = Release|Any CPU
		{E6175887-F1D5-4E01-8B15-2099D9E45B2B}.Release|Any CPU.Build.0 = Release|Any CPU
		{E6175887-F1D5-4E01-8B15-2099D9E45B2B}.Release|ARM64.ActiveCfg = Release|Any CPU
		{E6175887-F1D5-4E01-8B15-2099D9E45B2B}.Release|ARM64.Build.0 = Release|Any CPU
		{E6175887-F1D5-4E01-8B15-2099D9E45B2B}.Release|x64.ActiveCfg = Release|Any CPU
		{E6175887-F1D5-4E01-8B15-2099D9E45B2B}.Release|x64.Build.0 = Release|Any CPU
		{E6175887-F1D5-4E01-8B15-2099D9E45B2B}.Release|x86.ActiveCfg = Release|Any CPU
		{E6175887-F1D5-4E01-8B15-2099D9E45B2B}.Release|x86.Build.0 = Release|Any CPU
		{BE4E28C6-3135-4227-B745-C7B166548B61}.Debug|Any CPU.ActiveCfg = Debug|Any CPU
		{BE4E28C6-3135-4227-B745-C7B166548B61}.Debug|Any CPU.Build.0 = Debug|Any CPU
		{BE4E28C6-3135-4227-B745-C7B166548B61}.Debug|ARM64.ActiveCfg = Debug|Any CPU
		{BE4E28C6-3135-4227-B745-C7B166548B61}.Debug|ARM64.Build.0 = Debug|Any CPU
		{BE4E28C6-3135-4227-B745-C7B166548B61}.Debug|x64.ActiveCfg = Debug|Any CPU
		{BE4E28C6-3135-4227-B745-C7B166548B61}.Debug|x64.Build.0 = Debug|Any CPU
		{BE4E28C6-3135-4227-B745-C7B166548B61}.Debug|x86.ActiveCfg = Debug|Any CPU
		{BE4E28C6-3135-4227-B745-C7B166548B61}.Debug|x86.Build.0 = Debug|Any CPU
		{BE4E28C6-3135-4227-B745-C7B166548B61}.Release|Any CPU.ActiveCfg = Release|Any CPU
		{BE4E28C6-3135-4227-B745-C7B166548B61}.Release|Any CPU.Build.0 = Release|Any CPU
		{BE4E28C6-3135-4227-B745-C7B166548B61}.Release|ARM64.ActiveCfg = Release|Any CPU
		{BE4E28C6-3135-4227-B745-C7B166548B61}.Release|ARM64.Build.0 = Release|Any CPU
		{BE4E28C6-3135-4227-B745-C7B166548B61}.Release|x64.ActiveCfg = Release|Any CPU
		{BE4E28C6-3135-4227-B745-C7B166548B61}.Release|x64.Build.0 = Release|Any CPU
		{BE4E28C6-3135-4227-B745-C7B166548B61}.Release|x86.ActiveCfg = Release|Any CPU
		{BE4E28C6-3135-4227-B745-C7B166548B61}.Release|x86.Build.0 = Release|Any CPU
		{7B3287D7-5B72-49C0-A8C5-853571A29A3F}.Debug|Any CPU.ActiveCfg = Debug|Any CPU
		{7B3287D7-5B72-49C0-A8C5-853571A29A3F}.Debug|Any CPU.Build.0 = Debug|Any CPU
		{7B3287D7-5B72-49C0-A8C5-853571A29A3F}.Debug|ARM64.ActiveCfg = Debug|Any CPU
		{7B3287D7-5B72-49C0-A8C5-853571A29A3F}.Debug|ARM64.Build.0 = Debug|Any CPU
		{7B3287D7-5B72-49C0-A8C5-853571A29A3F}.Debug|x64.ActiveCfg = Debug|Any CPU
		{7B3287D7-5B72-49C0-A8C5-853571A29A3F}.Debug|x64.Build.0 = Debug|Any CPU
		{7B3287D7-5B72-49C0-A8C5-853571A29A3F}.Debug|x86.ActiveCfg = Debug|Any CPU
		{7B3287D7-5B72-49C0-A8C5-853571A29A3F}.Debug|x86.Build.0 = Debug|Any CPU
		{7B3287D7-5B72-49C0-A8C5-853571A29A3F}.Release|Any CPU.ActiveCfg = Release|Any CPU
		{7B3287D7-5B72-49C0-A8C5-853571A29A3F}.Release|Any CPU.Build.0 = Release|Any CPU
		{7B3287D7-5B72-49C0-A8C5-853571A29A3F}.Release|ARM64.ActiveCfg = Release|Any CPU
		{7B3287D7-5B72-49C0-A8C5-853571A29A3F}.Release|ARM64.Build.0 = Release|Any CPU
		{7B3287D7-5B72-49C0-A8C5-853571A29A3F}.Release|x64.ActiveCfg = Release|Any CPU
		{7B3287D7-5B72-49C0-A8C5-853571A29A3F}.Release|x64.Build.0 = Release|Any CPU
		{7B3287D7-5B72-49C0-A8C5-853571A29A3F}.Release|x86.ActiveCfg = Release|Any CPU
		{7B3287D7-5B72-49C0-A8C5-853571A29A3F}.Release|x86.Build.0 = Release|Any CPU
	EndGlobalSection
	GlobalSection(SolutionProperties) = preSolution
		HideSolutionNode = FALSE
	EndGlobalSection
	GlobalSection(ExtensibilityGlobals) = postSolution
		SolutionGuid = {86355E08-B60D-419C-A5CD-6012671E9E94}
	EndGlobalSection
EndGlobal
